// !$*UTF8*$!
{
	archiveVersion = 1;
	classes = {
	};
	objectVersion = 56;
	objects = {

/* Begin PBXBuildFile section */
		1924A6202C75E9DE0005C216 /* DragGestureBootcamp2.swift in Sources */ = {isa = PBXBuildFile; fileRef = 1924A61F2C75E9DE0005C216 /* DragGestureBootcamp2.swift */; };
		19E879E82C6BC23E000CDA4A /* SwiftfulThinkingContinueApp.swift in Sources */ = {isa = PBXBuildFile; fileRef = 19E879E72C6BC23E000CDA4A /* SwiftfulThinkingContinueApp.swift */; };
		19E879EA2C6BC23E000CDA4A /* ContentView.swift in Sources */ = {isa = PBXBuildFile; fileRef = 19E879E92C6BC23E000CDA4A /* ContentView.swift */; };
		19E879EC2C6BC23E000CDA4A /* Item.swift in Sources */ = {isa = PBXBuildFile; fileRef = 19E879EB2C6BC23E000CDA4A /* Item.swift */; };
		19E879EE2C6BC240000CDA4A /* Assets.xcassets in Resources */ = {isa = PBXBuildFile; fileRef = 19E879ED2C6BC240000CDA4A /* Assets.xcassets */; };
		19E879F12C6BC240000CDA4A /* Preview Assets.xcassets in Resources */ = {isa = PBXBuildFile; fileRef = 19E879F02C6BC240000CDA4A /* Preview Assets.xcassets */; };
		19E879F82C6BC2BA000CDA4A /* LongPressGestureBootcamp.swift in Sources */ = {isa = PBXBuildFile; fileRef = 19E879F72C6BC2BA000CDA4A /* LongPressGestureBootcamp.swift */; };
		19E879FC2C6CDDDA000CDA4A /* RotationGesture.swift in Sources */ = {isa = PBXBuildFile; fileRef = 19E879FB2C6CDDDA000CDA4A /* RotationGesture.swift */; };
		19E879FE2C748F8F000CDA4A /* DragGesture.swift in Sources */ = {isa = PBXBuildFile; fileRef = 19E879FD2C748F8F000CDA4A /* DragGesture.swift */; };
/* End PBXBuildFile section */

/* Begin PBXFileReference section */
		1924A61F2C75E9DE0005C216 /* DragGestureBootcamp2.swift */ = {isa = PBXFileReference; lastKnownFileType = sourcecode.swift; path = DragGestureBootcamp2.swift; sourceTree = "<group>"; };
		19E879E42C6BC23E000CDA4A /* SwiftfulThinkingContinue.app */ = {isa = PBXFileReference; explicitFileType = wrapper.application; includeInIndex = 0; path = SwiftfulThinkingContinue.app; sourceTree = BUILT_PRODUCTS_DIR; };
		19E879E72C6BC23E000CDA4A /* SwiftfulThinkingContinueApp.swift */ = {isa = PBXFileReference; lastKnownFileType = sourcecode.swift; path = SwiftfulThinkingContinueApp.swift; sourceTree = "<group>"; };
		19E879E92C6BC23E000CDA4A /* ContentView.swift */ = {isa = PBXFileReference; lastKnownFileType = sourcecode.swift; path = ContentView.swift; sourceTree = "<group>"; };
		19E879EB2C6BC23E000CDA4A /* Item.swift */ = {isa = PBXFileReference; lastKnownFileType = sourcecode.swift; path = Item.swift; sourceTree = "<group>"; };
		19E879ED2C6BC240000CDA4A /* Assets.xcassets */ = {isa = PBXFileReference; lastKnownFileType = folder.assetcatalog; path = Assets.xcassets; sourceTree = "<group>"; };
		19E879F02C6BC240000CDA4A /* Preview Assets.xcassets */ = {isa = PBXFileReference; lastKnownFileType = folder.assetcatalog; path = "Preview Assets.xcassets"; sourceTree = "<group>"; };
		19E879F72C6BC2BA000CDA4A /* LongPressGestureBootcamp.swift */ = {isa = PBXFileReference; lastKnownFileType = sourcecode.swift; path = LongPressGestureBootcamp.swift; sourceTree = "<group>"; };
		19E879FB2C6CDDDA000CDA4A /* RotationGesture.swift */ = {isa = PBXFileReference; lastKnownFileType = sourcecode.swift; path = RotationGesture.swift; sourceTree = "<group>"; };
		19E879FD2C748F8F000CDA4A /* DragGesture.swift */ = {isa = PBXFileReference; lastKnownFileType = sourcecode.swift; path = DragGesture.swift; sourceTree = "<group>"; };
/* End PBXFileReference section */

/* Begin PBXFrameworksBuildPhase section */
		19E879E12C6BC23E000CDA4A /* Frameworks */ = {
			isa = PBXFrameworksBuildPhase;
			buildActionMask = 2147483647;
			files = (
			);
			runOnlyForDeploymentPostprocessing = 0;
		};
/* End PBXFrameworksBuildPhase section */

/* Begin PBXGroup section */
		19E879DB2C6BC23E000CDA4A = {
			isa = PBXGroup;
			children = (
				19E879E62C6BC23E000CDA4A /* SwiftfulThinkingContinue */,
				19E879E52C6BC23E000CDA4A /* Products */,
			);
			sourceTree = "<group>";
		};
		19E879E52C6BC23E000CDA4A /* Products */ = {
			isa = PBXGroup;
			children = (
				19E879E42C6BC23E000CDA4A /* SwiftfulThinkingContinue.app */,
			);
			name = Products;
			sourceTree = "<group>";
		};
		19E879E62C6BC23E000CDA4A /* SwiftfulThinkingContinue */ = {
			isa = PBXGroup;
			children = (
				19E879E72C6BC23E000CDA4A /* SwiftfulThinkingContinueApp.swift */,
				19E879E92C6BC23E000CDA4A /* ContentView.swift */,
				19E879F72C6BC2BA000CDA4A /* LongPressGestureBootcamp.swift */,
				19E879FB2C6CDDDA000CDA4A /* RotationGesture.swift */,
				19E879FD2C748F8F000CDA4A /* DragGesture.swift */,
				1924A61F2C75E9DE0005C216 /* DragGestureBootcamp2.swift */,
				19E879EB2C6BC23E000CDA4A /* Item.swift */,
				19E879ED2C6BC240000CDA4A /* Assets.xcassets */,
				19E879EF2C6BC240000CDA4A /* Preview Content */,
			);
			path = SwiftfulThinkingContinue;
			sourceTree = "<group>";
		};
		19E879EF2C6BC240000CDA4A /* Preview Content */ = {
			isa = PBXGroup;
			children = (
				19E879F02C6BC240000CDA4A /* Preview Assets.xcassets */,
			);
			path = "Preview Content";
			sourceTree = "<group>";
		};
/* End PBXGroup section */

/* Begin PBXNativeTarget section */
		19E879E32C6BC23E000CDA4A /* SwiftfulThinkingContinue */ = {
			isa = PBXNativeTarget;
			buildConfigurationList = 19E879F42C6BC240000CDA4A /* Build configuration list for PBXNativeTarget "SwiftfulThinkingContinue" */;
			buildPhases = (
				19E879E02C6BC23E000CDA4A /* Sources */,
				19E879E12C6BC23E000CDA4A /* Frameworks */,
				19E879E22C6BC23E000CDA4A /* Resources */,
			);
			buildRules = (
			);
			dependencies = (
			);
			name = SwiftfulThinkingContinue;
			productName = SwiftfulThinkingContinue;
			productReference = 19E879E42C6BC23E000CDA4A /* SwiftfulThinkingContinue.app */;
			productType = "com.apple.product-type.application";
		};
/* End PBXNativeTarget section */

/* Begin PBXProject section */
		19E879DC2C6BC23E000CDA4A /* Project object */ = {
			isa = PBXProject;
			attributes = {
				BuildIndependentTargetsInParallel = 1;
				LastSwiftUpdateCheck = 1540;
				LastUpgradeCheck = 1540;
				TargetAttributes = {
					19E879E32C6BC23E000CDA4A = {
						CreatedOnToolsVersion = 15.4;
					};
				};
			};
			buildConfigurationList = 19E879DF2C6BC23E000CDA4A /* Build configuration list for PBXProject "SwiftfulThinkingContinue" */;
			compatibilityVersion = "Xcode 14.0";
			developmentRegion = en;
			hasScannedForEncodings = 0;
			knownRegions = (
				en,
				Base,
			);
			mainGroup = 19E879DB2C6BC23E000CDA4A;
			productRefGroup = 19E879E52C6BC23E000CDA4A /* Products */;
			projectDirPath = "";
			projectRoot = "";
			targets = (
				19E879E32C6BC23E000CDA4A /* SwiftfulThinkingContinue */,
			);
		};
/* End PBXProject section */

/* Begin PBXResourcesBuildPhase section */
		19E879E22C6BC23E000CDA4A /* Resources */ = {
			isa = PBXResourcesBuildPhase;
			buildActionMask = 2147483647;
			files = (
				19E879F12C6BC240000CDA4A /* Preview Assets.xcassets in Resources */,
				19E879EE2C6BC240000CDA4A /* Assets.xcassets in Resources */,
			);
			runOnlyForDeploymentPostprocessing = 0;
		};
/* End PBXResourcesBuildPhase section */

/* Begin PBXSourcesBuildPhase section */
		19E879E02C6BC23E000CDA4A /* Sources */ = {
			isa = PBXSourcesBuildPhase;
			buildActionMask = 2147483647;
			files = (
				1924A6202C75E9DE0005C216 /* DragGestureBootcamp2.swift in Sources */,
				19E879EA2C6BC23E000CDA4A /* ContentView.swift in Sources */,
				19E879EC2C6BC23E000CDA4A /* Item.swift in Sources */,
				19E879FC2C6CDDDA000CDA4A /* RotationGesture.swift in Sources */,
				19E879F82C6BC2BA000CDA4A /* LongPressGestureBootcamp.swift in Sources */,
				19E879E82C6BC23E000CDA4A /* SwiftfulThinkingContinueApp.swift in Sources */,
				19E879FE2C748F8F000CDA4A /* DragGesture.swift in Sources */,
			);
			runOnlyForDeploymentPostprocessing = 0;
		};
/* End PBXSourcesBuildPhase section */

/* Begin XCBuildConfiguration section */
		19E879F22C6BC240000CDA4A /* Debug */ = {
			isa = XCBuildConfiguration;
			buildSettings = {
				ALWAYS_SEARCH_USER_PATHS = NO;
				ASSETCATALOG_COMPILER_GENERATE_SWIFT_ASSET_SYMBOL_EXTENSIONS = YES;
				CLANG_ANALYZER_NONNULL = YES;
				CLANG_ANALYZER_NUMBER_OBJECT_CONVERSION = YES_AGGRESSIVE;
				CLANG_CXX_LANGUAGE_STANDARD = "gnu++20";
				CLANG_ENABLE_MODULES = YES;
				CLANG_ENABLE_OBJC_ARC = YES;
				CLANG_ENABLE_OBJC_WEAK = YES;
				CLANG_WARN_BLOCK_CAPTURE_AUTORELEASING = YES;
				CLANG_WARN_BOOL_CONVERSION = YES;
				CLANG_WARN_COMMA = YES;
				CLANG_WARN_CONSTANT_CONVERSION = YES;
				CLANG_WARN_DEPRECATED_OBJC_IMPLEMENTATIONS = YES;
				CLANG_WARN_DIRECT_OBJC_ISA_USAGE = YES_ERROR;
				CLANG_WARN_DOCUMENTATION_COMMENTS = YES;
				CLANG_WARN_EMPTY_BODY = YES;
				CLANG_WARN_ENUM_CONVERSION = YES;
				CLANG_WARN_INFINITE_RECURSION = YES;
				CLANG_WARN_INT_CONVERSION = YES;
				CLANG_WARN_NON_LITERAL_NULL_CONVERSION = YES;
				CLANG_WARN_OBJC_IMPLICIT_RETAIN_SELF = YES;
				CLANG_WARN_OBJC_LITERAL_CONVERSION = YES;
				CLANG_WARN_OBJC_ROOT_CLASS = YES_ERROR;
				CLANG_WARN_QUOTED_INCLUDE_IN_FRAMEWORK_HEADER = YES;
				CLANG_WARN_RANGE_LOOP_ANALYSIS = YES;
				CLANG_WARN_STRICT_PROTOTYPES = YES;
				CLANG_WARN_SUSPICIOUS_MOVE = YES;
				CLANG_WARN_UNGUARDED_AVAILABILITY = YES_AGGRESSIVE;
				CLANG_WARN_UNREACHABLE_CODE = YES;
				CLANG_WARN__DUPLICATE_METHOD_MATCH = YES;
				COPY_PHASE_STRIP = NO;
				DEBUG_INFORMATION_FORMAT = dwarf;
				ENABLE_STRICT_OBJC_MSGSEND = YES;
				ENABLE_TESTABILITY = YES;
				ENABLE_USER_SCRIPT_SANDBOXING = YES;
				GCC_C_LANGUAGE_STANDARD = gnu17;
				GCC_DYNAMIC_NO_PIC = NO;
				GCC_NO_COMMON_BLOCKS = YES;
				GCC_OPTIMIZATION_LEVEL = 0;
				GCC_PREPROCESSOR_DEFINITIONS = (
					"DEBUG=1",
					"$(inherited)",
				);
				GCC_WARN_64_TO_32_BIT_CONVERSION = YES;
				GCC_WARN_ABOUT_RETURN_TYPE = YES_ERROR;
				GCC_WARN_UNDECLARED_SELECTOR = YES;
				GCC_WARN_UNINITIALIZED_AUTOS = YES_AGGRESSIVE;
				GCC_WARN_UNUSED_FUNCTION = YES;
				GCC_WARN_UNUSED_VARIABLE = YES;
				IPHONEOS_DEPLOYMENT_TARGET = 17.5;
				LOCALIZATION_PREFERS_STRING_CATALOGS = YES;
				MTL_ENABLE_DEBUG_INFO = INCLUDE_SOURCE;
				MTL_FAST_MATH = YES;
				ONLY_ACTIVE_ARCH = YES;
				SDKROOT = iphoneos;
				SWIFT_ACTIVE_COMPILATION_CONDITIONS = "DEBUG $(inherited)";
				SWIFT_OPTIMIZATION_LEVEL = "-Onone";
			};
			name = Debug;
		};
		19E879F32C6BC240000CDA4A /* Release */ = {
			isa = XCBuildConfiguration;
			buildSettings = {
				ALWAYS_SEARCH_USER_PATHS = NO;
				ASSETCATALOG_COMPILER_GENERATE_SWIFT_ASSET_SYMBOL_EXTENSIONS = YES;
				CLANG_ANALYZER_NONNULL = YES;
				CLANG_ANALYZER_NUMBER_OBJECT_CONVERSION = YES_AGGRESSIVE;
				CLANG_CXX_LANGUAGE_STANDARD = "gnu++20";
				CLANG_ENABLE_MODULES = YES;
				CLANG_ENABLE_OBJC_ARC = YES;
				CLANG_ENABLE_OBJC_WEAK = YES;
				CLANG_WARN_BLOCK_CAPTURE_AUTORELEASING = YES;
				CLANG_WARN_BOOL_CONVERSION = YES;
				CLANG_WARN_COMMA = YES;
				CLANG_WARN_CONSTANT_CONVERSION = YES;
				CLANG_WARN_DEPRECATED_OBJC_IMPLEMENTATIONS = YES;
				CLANG_WARN_DIRECT_OBJC_ISA_USAGE = YES_ERROR;
				CLANG_WARN_DOCUMENTATION_COMMENTS = YES;
				CLANG_WARN_EMPTY_BODY = YES;
				CLANG_WARN_ENUM_CONVERSION = YES;
				CLANG_WARN_INFINITE_RECURSION = YES;
				CLANG_WARN_INT_CONVERSION = YES;
				CLANG_WARN_NON_LITERAL_NULL_CONVERSION = YES;
				CLANG_WARN_OBJC_IMPLICIT_RETAIN_SELF = YES;
				CLANG_WARN_OBJC_LITERAL_CONVERSION = YES;
				CLANG_WARN_OBJC_ROOT_CLASS = YES_ERROR;
				CLANG_WARN_QUOTED_INCLUDE_IN_FRAMEWORK_HEADER = YES;
				CLANG_WARN_RANGE_LOOP_ANALYSIS = YES;
				CLANG_WARN_STRICT_PROTOTYPES = YES;
				CLANG_WARN_SUSPICIOUS_MOVE = YES;
				CLANG_WARN_UNGUARDED_AVAILABILITY = YES_AGGRESSIVE;
				CLANG_WARN_UNREACHABLE_CODE = YES;
				CLANG_WARN__DUPLICATE_METHOD_MATCH = YES;
				COPY_PHASE_STRIP = NO;
				DEBUG_INFORMATION_FORMAT = "dwarf-with-dsym";
				ENABLE_NS_ASSERTIONS = NO;
				ENABLE_STRICT_OBJC_MSGSEND = YES;
				ENABLE_USER_SCRIPT_SANDBOXING = YES;
				GCC_C_LANGUAGE_STANDARD = gnu17;
				GCC_NO_COMMON_BLOCKS = YES;
				GCC_WARN_64_TO_32_BIT_CONVERSION = YES;
				GCC_WARN_ABOUT_RETURN_TYPE = YES_ERROR;
				GCC_WARN_UNDECLARED_SELECTOR = YES;
				GCC_WARN_UNINITIALIZED_AUTOS = YES_AGGRESSIVE;
				GCC_WARN_UNUSED_FUNCTION = YES;
				GCC_WARN_UNUSED_VARIABLE = YES;
				IPHONEOS_DEPLOYMENT_TARGET = 17.5;
				LOCALIZATION_PREFERS_STRING_CATALOGS = YES;
				MTL_ENABLE_DEBUG_INFO = NO;
				MTL_FAST_MATH = YES;
				SDKROOT = iphoneos;
				SWIFT_COMPILATION_MODE = wholemodule;
				VALIDATE_PRODUCT = YES;
			};
			name = Release;
		};
		19E879F52C6BC240000CDA4A /* Debug */ = {
			isa = XCBuildConfiguration;
			buildSettings = {
				ASSETCATALOG_COMPILER_APPICON_NAME = AppIcon;
				ASSETCATALOG_COMPILER_GLOBAL_ACCENT_COLOR_NAME = AccentColor;
				CODE_SIGN_STYLE = Automatic;
				CURRENT_PROJECT_VERSION = 1;
				DEVELOPMENT_ASSET_PATHS = "\"SwiftfulThinkingContinue/Preview Content\"";
				DEVELOPMENT_TEAM = M7R3MW3K7G;
				ENABLE_PREVIEWS = YES;
				GENERATE_INFOPLIST_FILE = YES;
				INFOPLIST_KEY_UIApplicationSceneManifest_Generation = YES;
				INFOPLIST_KEY_UIApplicationSupportsIndirectInputEvents = YES;
				INFOPLIST_KEY_UILaunchScreen_Generation = YES;
				INFOPLIST_KEY_UISupportedInterfaceOrientations_iPad = "UIInterfaceOrientationPortrait UIInterfaceOrientationPortraitUpsideDown UIInterfaceOrientationLandscapeLeft UIInterfaceOrientationLandscapeRight";
				INFOPLIST_KEY_UISupportedInterfaceOrientations_iPhone = "UIInterfaceOrientationPortrait UIInterfaceOrientationLandscapeLeft UIInterfaceOrientationLandscapeRight";
				LD_RUNPATH_SEARCH_PATHS = (
					"$(inherited)",
					"@executable_path/Frameworks",
				);
				MARKETING_VERSION = 1.0;
				PRODUCT_BUNDLE_IDENTIFIER = com.grzegorzmzyk.SwiftfulThinkingContinue;
				PRODUCT_NAME = "$(TARGET_NAME)";
				SWIFT_EMIT_LOC_STRINGS = YES;
				SWIFT_VERSION = 5.0;
				TARGETED_DEVICE_FAMILY = "1,2";
			};
			name = Debug;
		};
		19E879F62C6BC240000CDA4A /* Release */ = {
			isa = XCBuildConfiguration;
			buildSettings = {
				ASSETCATALOG_COMPILER_APPICON_NAME = AppIcon;
				ASSETCATALOG_COMPILER_GLOBAL_ACCENT_COLOR_NAME = AccentColor;
				CODE_SIGN_STYLE = Automatic;
				CURRENT_PROJECT_VERSION = 1;
				DEVELOPMENT_ASSET_PATHS = "\"SwiftfulThinkingContinue/Preview Content\"";
				DEVELOPMENT_TEAM = M7R3MW3K7G;
				ENABLE_PREVIEWS = YES;
				GENERATE_INFOPLIST_FILE = YES;
				INFOPLIST_KEY_UIApplicationSceneManifest_Generation = YES;
				INFOPLIST_KEY_UIApplicationSupportsIndirectInputEvents = YES;
				INFOPLIST_KEY_UILaunchScreen_Generation = YES;
				INFOPLIST_KEY_UISupportedInterfaceOrientations_iPad = "UIInterfaceOrientationPortrait UIInterfaceOrientationPortraitUpsideDown UIInterfaceOrientationLandscapeLeft UIInterfaceOrientationLandscapeRight";
				INFOPLIST_KEY_UISupportedInterfaceOrientations_iPhone = "UIInterfaceOrientationPortrait UIInterfaceOrientationLandscapeLeft UIInterfaceOrientationLandscapeRight";
				LD_RUNPATH_SEARCH_PATHS = (
					"$(inherited)",
					"@executable_path/Frameworks",
				);
				MARKETING_VERSION = 1.0;
				PRODUCT_BUNDLE_IDENTIFIER = com.grzegorzmzyk.SwiftfulThinkingContinue;
				PRODUCT_NAME = "$(TARGET_NAME)";
				SWIFT_EMIT_LOC_STRINGS = YES;
				SWIFT_VERSION = 5.0;
				TARGETED_DEVICE_FAMILY = "1,2";
			};
			name = Release;
		};
/* End XCBuildConfiguration section */

/* Begin XCConfigurationList section */
		19E879DF2C6BC23E000CDA4A /* Build configuration list for PBXProject "SwiftfulThinkingContinue" */ = {
			isa = XCConfigurationList;
			buildConfigurations = (
				19E879F22C6BC240000CDA4A /* Debug */,
				19E879F32C6BC240000CDA4A /* Release */,
			);
			defaultConfigurationIsVisible = 0;
			defaultConfigurationName = Release;
		};
		19E879F42C6BC240000CDA4A /* Build configuration list for PBXNativeTarget "SwiftfulThinkingContinue" */ = {
			isa = XCConfigurationList;
			buildConfigurations = (
				19E879F52C6BC240000CDA4A /* Debug */,
				19E879F62C6BC240000CDA4A /* Release */,
			);
			defaultConfigurationIsVisible = 0;
			defaultConfigurationName = Release;
		};
/* End XCConfigurationList section */
	};
	rootObject = 19E879DC2C6BC23E000CDA4A /* Project object */;
}
